
Microsoft Visual Studio Solution File, Format Version 12.00
# Visual Studio 15
VisualStudioVersion = 15.0.26124.0
MinimumVisualStudioVersion = 15.0.26124.0
Project("{2150E333-8FDC-42A3-9474-1A3956D46DE8}") = "src", "src", "{04E09C78-8E48-478C-B877-2DABBB0AC941}"
EndProject
Project("{FAE04EC0-301F-11D3-BF4B-00C04F79EFBC}") = "DesafioAgibank.ConsoleApp", "src\DesafioAgibank.ConsoleApp\DesafioAgibank.ConsoleApp.csproj", "{0810AB32-89DD-4859-BF85-4691C0FACD88}"
EndProject
Project("{FAE04EC0-301F-11D3-BF4B-00C04F79EFBC}") = "DesafioAgibank.Core", "src\DesafioAgibank.Core\DesafioAgibank.Core.csproj", "{8968E69F-EDDB-4D96-8A44-B4DE952CF0B0}"
EndProject
Global
	GlobalSection(SolutionConfigurationPlatforms) = preSolution
		Debug|Any CPU = Debug|Any CPU
		Debug|x64 = Debug|x64
		Debug|x86 = Debug|x86
		Release|Any CPU = Release|Any CPU
		Release|x64 = Release|x64
		Release|x86 = Release|x86
	EndGlobalSection
	GlobalSection(SolutionProperties) = preSolution
		HideSolutionNode = FALSE
	EndGlobalSection
	GlobalSection(ProjectConfigurationPlatforms) = postSolution
		{0810AB32-89DD-4859-BF85-4691C0FACD88}.Debug|Any CPU.ActiveCfg = Debug|Any CPU
		{0810AB32-89DD-4859-BF85-4691C0FACD88}.Debug|Any CPU.Build.0 = Debug|Any CPU
		{0810AB32-89DD-4859-BF85-4691C0FACD88}.Debug|x64.ActiveCfg = Debug|Any CPU
		{0810AB32-89DD-4859-BF85-4691C0FACD88}.Debug|x64.Build.0 = Debug|Any CPU
		{0810AB32-89DD-4859-BF85-4691C0FACD88}.Debug|x86.ActiveCfg = Debug|Any CPU
		{0810AB32-89DD-4859-BF85-4691C0FACD88}.Debug|x86.Build.0 = Debug|Any CPU
		{0810AB32-89DD-4859-BF85-4691C0FACD88}.Release|Any CPU.ActiveCfg = Release|Any CPU
		{0810AB32-89DD-4859-BF85-4691C0FACD88}.Release|Any CPU.Build.0 = Release|Any CPU
		{0810AB32-89DD-4859-BF85-4691C0FACD88}.Release|x64.ActiveCfg = Release|Any CPU
		{0810AB32-89DD-4859-BF85-4691C0FACD88}.Release|x64.Build.0 = Release|Any CPU
		{0810AB32-89DD-4859-BF85-4691C0FACD88}.Release|x86.ActiveCfg = Release|Any CPU
		{0810AB32-89DD-4859-BF85-4691C0FACD88}.Release|x86.Build.0 = Release|Any CPU
		{8968E69F-EDDB-4D96-8A44-B4DE952CF0B0}.Debug|Any CPU.ActiveCfg = Debug|Any CPU
		{8968E69F-EDDB-4D96-8A44-B4DE952CF0B0}.Debug|Any CPU.Build.0 = Debug|Any CPU
		{8968E69F-EDDB-4D96-8A44-B4DE952CF0B0}.Debug|x64.ActiveCfg = Debug|Any CPU
		{8968E69F-EDDB-4D96-8A44-B4DE952CF0B0}.Debug|x64.Build.0 = Debug|Any CPU
		{8968E69F-EDDB-4D96-8A44-B4DE952CF0B0}.Debug|x86.ActiveCfg = Debug|Any CPU
		{8968E69F-EDDB-4D96-8A44-B4DE952CF0B0}.Debug|x86.Build.0 = Debug|Any CPU
		{8968E69F-EDDB-4D96-8A44-B4DE952CF0B0}.Release|Any CPU.ActiveCfg = Release|Any CPU
		{8968E69F-EDDB-4D96-8A44-B4DE952CF0B0}.Release|Any CPU.Build.0 = Release|Any CPU
		{8968E69F-EDDB-4D96-8A44-B4DE952CF0B0}.Release|x64.ActiveCfg = Release|Any CPU
		{8968E69F-EDDB-4D96-8A44-B4DE952CF0B0}.Release|x64.Build.0 = Release|Any CPU
		{8968E69F-EDDB-4D96-8A44-B4DE952CF0B0}.Release|x86.ActiveCfg = Release|Any CPU
		{8968E69F-EDDB-4D96-8A44-B4DE952CF0B0}.Release|x86.Build.0 = Release|Any CPU
	EndGlobalSection
	GlobalSection(NestedProjects) = preSolution
		{0810AB32-89DD-4859-BF85-4691C0FACD88} = {04E09C78-8E48-478C-B877-2DABBB0AC941}
		{8968E69F-EDDB-4D96-8A44-B4DE952CF0B0} = {04E09C78-8E48-478C-B877-2DABBB0AC941}
	EndGlobalSection
EndGlobal
